
Microsoft Visual Studio Solution File, Format Version 12.00
# Visual Studio Version 17
VisualStudioVersion = 17.10.35013.160
MinimumVisualStudioVersion = 10.0.40219.1
Project("{FAE04EC0-301F-11D3-BF4B-00C04F79EFBC}") = "Assesment_1_Satya", "Assesment_1_Satya.csproj", "{A11CF19F-E8A5-46E4-995C-2477319DB99A}"
EndProject
Global
	GlobalSection(SolutionConfigurationPlatforms) = preSolution
		Debug|Any CPU = Debug|Any CPU
		Release|Any CPU = Release|Any CPU
	EndGlobalSection
	GlobalSection(ProjectConfigurationPlatforms) = postSolution
		{A11CF19F-E8A5-46E4-995C-2477319DB99A}.Debug|Any CPU.ActiveCfg = Debug|Any CPU
		{A11CF19F-E8A5-46E4-995C-2477319DB99A}.Debug|Any CPU.Build.0 = Debug|Any CPU
		{A11CF19F-E8A5-46E4-995C-2477319DB99A}.Release|Any CPU.ActiveCfg = Release|Any CPU
		{A11CF19F-E8A5-46E4-995C-2477319DB99A}.Release|Any CPU.Build.0 = Release|Any CPU
	EndGlobalSection
	GlobalSection(SolutionProperties) = preSolution
		HideSolutionNode = FALSE
	EndGlobalSection
	GlobalSection(ExtensibilityGlobals) = postSolution
		SolutionGuid = {EDD27752-9C69-4672-B5A8-1E768AD0D582}
	EndGlobalSection
EndGlobal
